
Microsoft Visual Studio Solution File, Format Version 12.00
# Visual Studio Version 17
VisualStudioVersion = 17.0.31903.59
MinimumVisualStudioVersion = 10.0.40219.1
Project("{2150E333-8FDC-42A3-9474-1A3956D46DE8}") = "src", "src", "{89BA8218-8137-4D0E-9268-F1A92F3A4BBB}"
EndProject
Project("{9A19103F-16F7-4668-BE54-9A1E7A4F7556}") = "DomainDrivenDesignSample.Domain", "src\DomainDrivenDesignSample.Domain\DomainDrivenDesignSample.Domain.csproj", "{796DFA92-EE82-4E2A-A6AD-6D1A5E3694E3}"
EndProject
Project("{2150E333-8FDC-42A3-9474-1A3956D46DE8}") = "test", "test", "{A2915E47-125D-4C5A-B574-14EE4AE06B95}"
EndProject
Project("{9A19103F-16F7-4668-BE54-9A1E7A4F7556}") = "DomainDrivenDesignSample.Domain.Tests", "test\DomainDrivenDesignSample.Domain.Tests\DomainDrivenDesignSample.Domain.Tests.csproj", "{A22BF525-F8BD-41E1-8ACE-6A323ABC9CEF}"
EndProject
Project("{2150E333-8FDC-42A3-9474-1A3956D46DE8}") = "_root", "_root", "{673A5C15-6AF8-42B2-922E-93946B7D86D7}"
	ProjectSection(SolutionItems) = preProject
		.editorconfig = .editorconfig
		.gitignore = .gitignore
		Directory.Build.props = Directory.Build.props
		global.json = global.json
		nuget.config = nuget.config
		README.md = README.md
	EndProjectSection
EndProject
Project("{9A19103F-16F7-4668-BE54-9A1E7A4F7556}") = "DomainDrivenDesignSample.Application", "src\DomainDrivenDesignSample.Application\DomainDrivenDesignSample.Application.csproj", "{7FF55341-FD43-4463-A362-F4E6F7621EB3}"
EndProject
Project("{9A19103F-16F7-4668-BE54-9A1E7A4F7556}") = "DomainDrivenDesignSample.Application.Tests", "test\DomainDrivenDesignSample.Application.Tests\DomainDrivenDesignSample.Application.Tests.csproj", "{FA2DD118-F73A-4857-BE47-BA85B22EC428}"
EndProject
Project("{9A19103F-16F7-4668-BE54-9A1E7A4F7556}") = "DomainDrivenDesignSample.Adapters.WorldTimeApiGateway", "src\DomainDrivenDesignSample.Adapters.WorldTimeApiGateway\DomainDrivenDesignSample.Adapters.WorldTimeApiGateway.csproj", "{8B57CEC6-F08C-4C84-957D-04DB47979AA9}"
EndProject
Project("{9A19103F-16F7-4668-BE54-9A1E7A4F7556}") = "DomainDrivenDesignSample.Adapters.EntityFrameworkCoreRepositories", "src\DomainDrivenDesignSample.Adapters.EntityFrameworkCoreRepositories\DomainDrivenDesignSample.Adapters.EntityFrameworkCoreRepositories.csproj", "{594DC70C-C991-45CC-9851-BC9919BDB1AB}"
EndProject
Project("{9A19103F-16F7-4668-BE54-9A1E7A4F7556}") = "DomainDrivenDesignSample.Runner.WebApi", "src\DomainDrivenDesignSample.Runner.WebApi\DomainDrivenDesignSample.Runner.WebApi.csproj", "{C1FAF728-31AD-443B-B5D9-AE6F077DEA3D}"
EndProject
Global
	GlobalSection(SolutionConfigurationPlatforms) = preSolution
		Debug|Any CPU = Debug|Any CPU
		Release|Any CPU = Release|Any CPU
	EndGlobalSection
	GlobalSection(ProjectConfigurationPlatforms) = postSolution
		{796DFA92-EE82-4E2A-A6AD-6D1A5E3694E3}.Debug|Any CPU.ActiveCfg = Debug|Any CPU
		{796DFA92-EE82-4E2A-A6AD-6D1A5E3694E3}.Debug|Any CPU.Build.0 = Debug|Any CPU
		{796DFA92-EE82-4E2A-A6AD-6D1A5E3694E3}.Release|Any CPU.ActiveCfg = Release|Any CPU
		{796DFA92-EE82-4E2A-A6AD-6D1A5E3694E3}.Release|Any CPU.Build.0 = Release|Any CPU
		{A22BF525-F8BD-41E1-8ACE-6A323ABC9CEF}.Debug|Any CPU.ActiveCfg = Debug|Any CPU
		{A22BF525-F8BD-41E1-8ACE-6A323ABC9CEF}.Debug|Any CPU.Build.0 = Debug|Any CPU
		{A22BF525-F8BD-41E1-8ACE-6A323ABC9CEF}.Release|Any CPU.ActiveCfg = Release|Any CPU
		{A22BF525-F8BD-41E1-8ACE-6A323ABC9CEF}.Release|Any CPU.Build.0 = Release|Any CPU
		{7FF55341-FD43-4463-A362-F4E6F7621EB3}.Debug|Any CPU.ActiveCfg = Debug|Any CPU
		{7FF55341-FD43-4463-A362-F4E6F7621EB3}.Debug|Any CPU.Build.0 = Debug|Any CPU
		{7FF55341-FD43-4463-A362-F4E6F7621EB3}.Release|Any CPU.ActiveCfg = Release|Any CPU
		{7FF55341-FD43-4463-A362-F4E6F7621EB3}.Release|Any CPU.Build.0 = Release|Any CPU
		{FA2DD118-F73A-4857-BE47-BA85B22EC428}.Debug|Any CPU.ActiveCfg = Debug|Any CPU
		{FA2DD118-F73A-4857-BE47-BA85B22EC428}.Debug|Any CPU.Build.0 = Debug|Any CPU
		{FA2DD118-F73A-4857-BE47-BA85B22EC428}.Release|Any CPU.ActiveCfg = Release|Any CPU
		{FA2DD118-F73A-4857-BE47-BA85B22EC428}.Release|Any CPU.Build.0 = Release|Any CPU
		{8B57CEC6-F08C-4C84-957D-04DB47979AA9}.Debug|Any CPU.ActiveCfg = Debug|Any CPU
		{8B57CEC6-F08C-4C84-957D-04DB47979AA9}.Debug|Any CPU.Build.0 = Debug|Any CPU
		{8B57CEC6-F08C-4C84-957D-04DB47979AA9}.Release|Any CPU.ActiveCfg = Release|Any CPU
		{8B57CEC6-F08C-4C84-957D-04DB47979AA9}.Release|Any CPU.Build.0 = Release|Any CPU
		{594DC70C-C991-45CC-9851-BC9919BDB1AB}.Debug|Any CPU.ActiveCfg = Debug|Any CPU
		{594DC70C-C991-45CC-9851-BC9919BDB1AB}.Debug|Any CPU.Build.0 = Debug|Any CPU
		{594DC70C-C991-45CC-9851-BC9919BDB1AB}.Release|Any CPU.ActiveCfg = Release|Any CPU
		{594DC70C-C991-45CC-9851-BC9919BDB1AB}.Release|Any CPU.Build.0 = Release|Any CPU
		{C1FAF728-31AD-443B-B5D9-AE6F077DEA3D}.Debug|Any CPU.ActiveCfg = Debug|Any CPU
		{C1FAF728-31AD-443B-B5D9-AE6F077DEA3D}.Debug|Any CPU.Build.0 = Debug|Any CPU
		{C1FAF728-31AD-443B-B5D9-AE6F077DEA3D}.Release|Any CPU.ActiveCfg = Release|Any CPU
		{C1FAF728-31AD-443B-B5D9-AE6F077DEA3D}.Release|Any CPU.Build.0 = Release|Any CPU
	EndGlobalSection
	GlobalSection(SolutionProperties) = preSolution
		HideSolutionNode = FALSE
	EndGlobalSection
	GlobalSection(NestedProjects) = preSolution
		{796DFA92-EE82-4E2A-A6AD-6D1A5E3694E3} = {89BA8218-8137-4D0E-9268-F1A92F3A4BBB}
		{A22BF525-F8BD-41E1-8ACE-6A323ABC9CEF} = {A2915E47-125D-4C5A-B574-14EE4AE06B95}
		{7FF55341-FD43-4463-A362-F4E6F7621EB3} = {89BA8218-8137-4D0E-9268-F1A92F3A4BBB}
		{FA2DD118-F73A-4857-BE47-BA85B22EC428} = {A2915E47-125D-4C5A-B574-14EE4AE06B95}
		{8B57CEC6-F08C-4C84-957D-04DB47979AA9} = {89BA8218-8137-4D0E-9268-F1A92F3A4BBB}
		{594DC70C-C991-45CC-9851-BC9919BDB1AB} = {89BA8218-8137-4D0E-9268-F1A92F3A4BBB}
		{C1FAF728-31AD-443B-B5D9-AE6F077DEA3D} = {89BA8218-8137-4D0E-9268-F1A92F3A4BBB}
	EndGlobalSection
	GlobalSection(ExtensibilityGlobals) = postSolution
		SolutionGuid = {7A44BE4C-5FDE-4B24-891A-E0191B8DA733}
	EndGlobalSection
EndGlobal
